{
  "version": 4,
  "terraform_version": "1.14.1",
  "serial": 16,
  "lineage": "b2e86e41-9d5d-c91a-a625-905daa6ced43",
  "outputs": {
    "kinesis_stream_arn": {
      "value": "arn:aws:kinesis:ap-southeast-2:809128756495:stream/telemetry-ingress-stream",
      "type": "string"
    }
  },
  "resources": [
    {
      "mode": "managed",
      "type": "aws_api_gateway_integration",
      "name": "kinesis_integration",
      "provider": "provider[\"registry.terraform.io/hashicorp/aws\"]",
      "instances": [
        {
          "schema_version": 0,
          "attributes": {
            "cache_key_parameters": null,
            "cache_namespace": "7sxd7b",
            "connection_id": "",
            "connection_type": "INTERNET",
            "content_handling": "",
            "credentials": "arn:aws:iam::809128756495:role/api-gateway-kinesis-role",
            "http_method": "POST",
            "id": "agi-d03ul6r873-7sxd7b-POST",
            "integration_http_method": "POST",
            "passthrough_behavior": "WHEN_NO_MATCH",
            "request_parameters": null,
            "request_templates": {
              "application/json": "{\n  \"StreamName\": \"telemetry-ingress-stream\",\n  \"Data\": \"$util.base64Encode($input.json('$'))\",\n  \"PartitionKey\": \"$input.path('$.tenant_id')\"\n}\n"
            },
            "resource_id": "7sxd7b",
            "rest_api_id": "d03ul6r873",
            "timeout_milliseconds": 29000,
            "tls_config": [],
            "type": "AWS",
            "uri": "arn:aws:apigateway:ap-southeast-2:kinesis:action/PutRecord"
          },
          "sensitive_attributes": [],
          "identity_schema_version": 0,
          "private": "bnVsbA==",
          "dependencies": [
            "aws_api_gateway_method.post_method",
            "aws_api_gateway_model.telemetry_schema",
            "aws_api_gateway_request_validator.strict_validator",
            "aws_api_gateway_resource.telemetry_resource",
            "aws_api_gateway_rest_api.telemetry_edge",
            "aws_iam_role.api_gateway_kinesis_role",
            "aws_kinesis_stream.telemetry_raw_stream"
          ]
        }
      ]
    },
    {
      "mode": "managed",
      "type": "aws_api_gateway_method",
      "name": "post_method",
      "provider": "provider[\"registry.terraform.io/hashicorp/aws\"]",
      "instances": [
        {
          "schema_version": 0,
          "attributes": {
            "api_key_required": false,
            "authorization": "NONE",
            "authorization_scopes": null,
            "authorizer_id": null,
            "http_method": "POST",
            "id": "agm-d03ul6r873-7sxd7b-POST",
            "operation_name": null,
            "request_models": {
              "application/json": "TelemetryIngressModel"
            },
            "request_parameters": null,
            "request_validator_id": "xactt0",
            "resource_id": "7sxd7b",
            "rest_api_id": "d03ul6r873"
          },
          "sensitive_attributes": [],
          "identity_schema_version": 0,
          "private": "bnVsbA==",
          "dependencies": [
            "aws_api_gateway_model.telemetry_schema",
            "aws_api_gateway_request_validator.strict_validator",
            "aws_api_gateway_resource.telemetry_resource",
            "aws_api_gateway_rest_api.telemetry_edge"
          ]
        }
      ]
    },
    {
      "mode": "managed",
      "type": "aws_api_gateway_method_response",
      "name": "response_200",
      "provider": "provider[\"registry.terraform.io/hashicorp/aws\"]",
      "instances": [
        {
          "schema_version": 0,
          "attributes": {
            "http_method": "POST",
            "id": "agmr-d03ul6r873-7sxd7b-POST-200",
            "resource_id": "7sxd7b",
            "response_models": null,
            "response_parameters": null,
            "rest_api_id": "d03ul6r873",
            "status_code": "200"
          },
          "sensitive_attributes": [],
          "identity_schema_version": 0,
          "private": "bnVsbA==",
          "dependencies": [
            "aws_api_gateway_method.post_method",
            "aws_api_gateway_model.telemetry_schema",
            "aws_api_gateway_request_validator.strict_validator",
            "aws_api_gateway_resource.telemetry_resource",
            "aws_api_gateway_rest_api.telemetry_edge"
          ]
        }
      ]
    },
    {
      "mode": "managed",
      "type": "aws_api_gateway_model",
      "name": "telemetry_schema",
      "provider": "provider[\"registry.terraform.io/hashicorp/aws\"]",
      "instances": [
        {
          "schema_version": 0,
          "attributes": {
            "content_type": "application/json",
            "description": "Validates incoming telemetry payloads against v1.0 schema",
            "id": "sutfzg",
            "name": "TelemetryIngressModel",
            "rest_api_id": "d03ul6r873",
            "schema": "{\"$schema\":\"http://json-schema.org/draft-07/schema#\",\"additionalProperties\":false,\"properties\":{\"device_id\":{\"type\":\"string\"},\"metrics\":{\"additionalProperties\":{\"type\":\"number\"},\"type\":\"object\"},\"timestamp\":{\"format\":\"date-time\",\"type\":\"string\"}},\"required\":[\"device_id\",\"timestamp\",\"metrics\"],\"title\":\"Telemetry Ingress Payload\",\"type\":\"object\"}"
          },
          "sensitive_attributes": [],
          "identity_schema_version": 0,
          "private": "bnVsbA==",
          "dependencies": [
            "aws_api_gateway_rest_api.telemetry_edge"
          ]
        }
      ]
    },
    {
      "mode": "managed",
      "type": "aws_api_gateway_request_validator",
      "name": "strict_validator",
      "provider": "provider[\"registry.terraform.io/hashicorp/aws\"]",
      "instances": [
        {
          "schema_version": 0,
          "attributes": {
            "id": "xactt0",
            "name": "strict-body-validator",
            "rest_api_id": "d03ul6r873",
            "validate_request_body": true,
            "validate_request_parameters": false
          },
          "sensitive_attributes": [],
          "identity_schema_version": 0,
          "private": "bnVsbA==",
          "dependencies": [
            "aws_api_gateway_rest_api.telemetry_edge"
          ]
        }
      ]
    },
    {
      "mode": "managed",
      "type": "aws_api_gateway_resource",
      "name": "telemetry_resource",
      "provider": "provider[\"registry.terraform.io/hashicorp/aws\"]",
      "instances": [
        {
          "schema_version": 0,
          "attributes": {
            "id": "7sxd7b",
            "parent_id": "cngi621175",
            "path": "/telemetry",
            "path_part": "telemetry",
            "rest_api_id": "d03ul6r873"
          },
          "sensitive_attributes": [],
          "identity_schema_version": 0,
          "private": "bnVsbA==",
          "dependencies": [
            "aws_api_gateway_rest_api.telemetry_edge"
          ]
        }
      ]
    },
    {
      "mode": "managed",
      "type": "aws_api_gateway_rest_api",
      "name": "telemetry_edge",
      "provider": "provider[\"registry.terraform.io/hashicorp/aws\"]",
      "instances": [
        {
          "schema_version": 0,
          "attributes": {
            "api_key_source": "HEADER",
            "arn": "arn:aws:apigateway:ap-southeast-2::/restapis/d03ul6r873",
            "binary_media_types": [],
            "body": null,
            "created_date": "2026-05-16T01:19:51Z",
            "description": "Ingress for Darwin and Win32 endpoint agents",
            "disable_execute_api_endpoint": true,
            "endpoint_configuration": [
              {
                "ip_address_type": "ipv4",
                "types": [
                  "REGIONAL"
                ],
                "vpc_endpoint_ids": []
              }
            ],
            "execution_arn": "arn:aws:execute-api:ap-southeast-2:809128756495:d03ul6r873",
            "fail_on_warnings": null,
            "id": "d03ul6r873",
            "minimum_compression_size": "",
            "name": "telemetry-edge-gateway",
            "parameters": null,
            "policy": "",
            "put_rest_api_mode": null,
            "root_resource_id": "cngi621175",
            "tags": null,
            "tags_all": {}
          },
          "sensitive_attributes": [],
          "identity_schema_version": 0,
          "private": "bnVsbA=="
        }
      ]
    },
    {
      "mode": "managed",
      "type": "aws_iam_role",
      "name": "api_gateway_kinesis_role",
      "provider": "provider[\"registry.terraform.io/hashicorp/aws\"]",
      "instances": [
        {
          "schema_version": 0,
          "attributes": {
            "arn": "arn:aws:iam::809128756495:role/api-gateway-kinesis-role",
            "assume_role_policy": "{\"Statement\":[{\"Action\":\"sts:AssumeRole\",\"Effect\":\"Allow\",\"Principal\":{\"Service\":\"apigateway.amazonaws.com\"}}],\"Version\":\"2012-10-17\"}",
            "create_date": "2026-05-16T01:19:50Z",
            "description": "",
            "force_detach_policies": false,
            "id": "api-gateway-kinesis-role",
            "inline_policy": [],
            "managed_policy_arns": [],
            "max_session_duration": 3600,
            "name": "api-gateway-kinesis-role",
            "name_prefix": "",
            "path": "/",
            "permissions_boundary": "",
            "tags": null,
            "tags_all": {},
            "unique_id": "AROA3YY6VAUH7FV3QTFIZ"
          },
          "sensitive_attributes": [],
          "identity_schema_version": 0,
          "private": "bnVsbA=="
        }
      ]
    },
    {
      "mode": "managed",
      "type": "aws_iam_role_policy",
      "name": "api_gateway_kinesis_policy",
      "provider": "provider[\"registry.terraform.io/hashicorp/aws\"]",
      "instances": [
        {
          "schema_version": 0,
          "attributes": {
            "id": "api-gateway-kinesis-role:api-gateway-kinesis-policy",
            "name": "api-gateway-kinesis-policy",
            "name_prefix": "",
            "policy": "{\"Version\":\"2012-10-17\",\"Statement\":[{\"Action\":\"kinesis:PutRecord\",\"Effect\":\"Allow\",\"Resource\":\"arn:aws:kinesis:ap-southeast-2:809128756495:stream/telemetry-ingress-stream\"}]}",
            "role": "api-gateway-kinesis-role"
          },
          "sensitive_attributes": [],
          "identity_schema_version": 0,
          "private": "bnVsbA==",
          "dependencies": [
            "aws_iam_role.api_gateway_kinesis_role",
            "aws_kinesis_stream.telemetry_raw_stream"
          ]
        }
      ]
    },
    {
      "mode": "managed",
      "type": "aws_kinesis_stream",
      "name": "telemetry_raw_stream",
      "provider": "provider[\"registry.terraform.io/hashicorp/aws\"]",
      "instances": [
        {
          "schema_version": 1,
          "attributes": {
            "arn": "arn:aws:kinesis:ap-southeast-2:809128756495:stream/telemetry-ingress-stream",
            "encryption_type": "NONE",
            "enforce_consumer_deletion": false,
            "id": "arn:aws:kinesis:ap-southeast-2:809128756495:stream/telemetry-ingress-stream",
            "kms_key_id": "",
            "name": "telemetry-ingress-stream",
            "retention_period": 24,
            "shard_count": 10,
            "shard_level_metrics": null,
            "stream_mode_details": [
              {
                "stream_mode": "PROVISIONED"
              }
            ],
            "tags": null,
            "tags_all": {},
            "timeouts": null
          },
          "sensitive_attributes": [],
          "identity_schema_version": 0,
          "private": "eyJlMmJmYjczMC1lY2FhLTExZTYtOGY4OC0zNDM2M2JjN2M0YzAiOnsiY3JlYXRlIjozMDAwMDAwMDAwMDAsImRlbGV0ZSI6NzIwMDAwMDAwMDAwMCwidXBkYXRlIjo3MjAwMDAwMDAwMDAwfSwic2NoZW1hX3ZlcnNpb24iOiIxIn0="
        }
      ]
    },
    {
      "mode": "managed",
      "type": "aws_subnet",
      "name": "private_subnet_a",
      "provider": "provider[\"registry.terraform.io/hashicorp/aws\"]",
      "instances": [
        {
          "schema_version": 1,
          "attributes": {
            "arn": "arn:aws:ec2:ap-southeast-2:809128756495:subnet/subnet-09087235d29d120cb",
            "assign_ipv6_address_on_creation": false,
            "availability_zone": "ap-southeast-2a",
            "availability_zone_id": "apse2-az1",
            "cidr_block": "10.0.1.0/24",
            "customer_owned_ipv4_pool": "",
            "enable_dns64": false,
            "enable_lni_at_device_index": 0,
            "enable_resource_name_dns_a_record_on_launch": false,
            "enable_resource_name_dns_aaaa_record_on_launch": false,
            "id": "subnet-09087235d29d120cb",
            "ipv6_cidr_block": "",
            "ipv6_cidr_block_association_id": "",
            "ipv6_native": false,
            "map_customer_owned_ip_on_launch": false,
            "map_public_ip_on_launch": false,
            "outpost_arn": "",
            "owner_id": "809128756495",
            "private_dns_hostname_type_on_launch": "ip-name",
            "tags": {
              "Name": "telemetry-private-a"
            },
            "tags_all": {
              "Name": "telemetry-private-a"
            },
            "timeouts": null,
            "vpc_id": "vpc-03e26477876ea6d45"
          },
          "sensitive_attributes": [],
          "identity_schema_version": 0,
          "private": "eyJlMmJmYjczMC1lY2FhLTExZTYtOGY4OC0zNDM2M2JjN2M0YzAiOnsiY3JlYXRlIjo2MDAwMDAwMDAwMDAsImRlbGV0ZSI6MTIwMDAwMDAwMDAwMH0sInNjaGVtYV92ZXJzaW9uIjoiMSJ9",
          "dependencies": [
            "aws_vpc.telemetry_vpc"
          ]
        }
      ]
    },
    {
      "mode": "managed",
      "type": "aws_vpc",
      "name": "telemetry_vpc",
      "provider": "provider[\"registry.terraform.io/hashicorp/aws\"]",
      "instances": [
        {
          "schema_version": 1,
          "attributes": {
            "arn": "arn:aws:ec2:ap-southeast-2:809128756495:vpc/vpc-03e26477876ea6d45",
            "assign_generated_ipv6_cidr_block": false,
            "cidr_block": "10.0.0.0/16",
            "default_network_acl_id": "acl-0535146b00f8ffdbb",
            "default_route_table_id": "rtb-01db8a40cdb282c35",
            "default_security_group_id": "sg-0226c1c7c397203f2",
            "dhcp_options_id": "dopt-0bed39ab3d0ca8af4",
            "enable_dns_hostnames": true,
            "enable_dns_support": true,
            "enable_network_address_usage_metrics": false,
            "id": "vpc-03e26477876ea6d45",
            "instance_tenancy": "default",
            "ipv4_ipam_pool_id": null,
            "ipv4_netmask_length": null,
            "ipv6_association_id": "",
            "ipv6_cidr_block": "",
            "ipv6_cidr_block_network_border_group": "",
            "ipv6_ipam_pool_id": "",
            "ipv6_netmask_length": 0,
            "main_route_table_id": "rtb-01db8a40cdb282c35",
            "owner_id": "809128756495",
            "tags": {
              "Environment": "Production",
              "Service": "TelemetryIngress"
            },
            "tags_all": {
              "Environment": "Production",
              "Service": "TelemetryIngress"
            }
          },
          "sensitive_attributes": [],
          "identity_schema_version": 0,
          "private": "eyJzY2hlbWFfdmVyc2lvbiI6IjEifQ=="
        }
      ]
    }
  ],
  "check_results": null
}
